version = 1
revision = 2
requires-python = ">=3.11, <3.13"

[[package]]
name = "numpy"
version = "1.26.3"
source = { registry = "https://pypi.org/simple" }
sdist = { url = "https://files.pythonhosted.org/packages/d0/b0/13e2b50c95bfc1d5ee04925eb5c105726c838f922d0aaddd57b7c8be0f8b/numpy-1.26.3.tar.gz", hash = "sha256:697df43e2b6310ecc9d95f05d5ef20eacc09c7c4ecc9da3f235d39e71b7da1e4", size = 15679696, upload-time = "2024-01-02T22:49:55.9Z" }
wheels = [
    { url = "https://files.pythonhosted.org/packages/42/db/82cc805d96ba48622fbb7395a7b44cf59567fca235e397cdf64555081773/numpy-1.26.3-cp311-cp311-macosx_10_9_x86_64.whl", hash = "sha256:b831295e5472954104ecb46cd98c08b98b49c69fdb7040483aff799a755a7374", size = 20630300, upload-time = "2024-01-02T22:24:23.166Z" },
    { url = "https://files.pythonhosted.org/packages/55/78/f85aab3bda3ddffe6ce8c590190b5f0d2e61dfd2fb7a8f446dcb4f8c12c7/numpy-1.26.3-cp311-cp311-macosx_11_0_arm64.whl", hash = "sha256:9e87562b91f68dd8b1c39149d0323b42e0082db7ddb8e934ab4c292094d575d6", size = 13996903, upload-time = "2024-01-02T22:24:46.308Z" },
    { url = "https://files.pythonhosted.org/packages/24/2b/dc80804801369b38681f3a61b48c8c5f1cc1e2651d2d504b9a1f6040bdb1/numpy-1.26.3-cp311-cp311-manylinux_2_17_aarch64.manylinux2014_aarch64.whl", hash = "sha256:8c66d6fec467e8c0f975818c1796d25c53521124b7cfb760114be0abad53a0a2", size = 14222672, upload-time = "2024-01-02T22:25:09.732Z" },
    { url = "https://files.pythonhosted.org/packages/5a/62/007b63f916aca1d27f5fede933fda3315d931ff9b2c28b9c2cf388cd8edb/numpy-1.26.3-cp311-cp311-manylinux_2_17_x86_64.manylinux2014_x86_64.whl", hash = "sha256:f25e2811a9c932e43943a2615e65fc487a0b6b49218899e62e426e7f0a57eeda", size = 18251823, upload-time = "2024-01-02T22:25:39.242Z" },
    { url = "https://files.pythonhosted.org/packages/b4/37/90372bae061bc540dd0fce29a143556b1f30912488a27ca0b4104aacfc6b/numpy-1.26.3-cp311-cp311-musllinux_1_1_aarch64.whl", hash = "sha256:af36e0aa45e25c9f57bf684b1175e59ea05d9a7d3e8e87b7ae1a1da246f2767e", size = 13885000, upload-time = "2024-01-02T22:26:03.315Z" },
    { url = "https://files.pythonhosted.org/packages/59/66/4322e23e002e06f9c460a82526a6e5e0851057f95cc37539c618792afb28/numpy-1.26.3-cp311-cp311-musllinux_1_1_x86_64.whl", hash = "sha256:51c7f1b344f302067b02e0f5b5d2daa9ed4a721cf49f070280ac202738ea7f00", size = 18093372, upload-time = "2024-01-02T22:26:31.634Z" },
    { url = "https://files.pythonhosted.org/packages/e3/a1/c452b0d7553b5fdef4f6215458d65a39ef975f4e3a4f6ed75431fea9f2a3/numpy-1.26.3-cp311-cp311-win32.whl", hash = "sha256:7ca4f24341df071877849eb2034948459ce3a07915c2734f1abb4018d9c49d7b", size = 20793297, upload-time = "2024-01-02T22:27:05.563Z" },
    { url = "https://files.pythonhosted.org/packages/99/2b/f7114983d84303019385d93d24d729aedba67be7e083286f114188943cf3/numpy-1.26.3-cp311-cp311-win_amd64.whl", hash = "sha256:39763aee6dfdd4878032361b30b2b12593fb445ddb66bbac802e2113eb8a6ac4", size = 15811695, upload-time = "2024-01-02T22:27:32.254Z" },
    { url = "https://files.pythonhosted.org/packages/6d/66/5ea5b8ef7cb3f72ecd6c905abc2331f999bf7e9de247f9db8cc9642f0eda/numpy-1.26.3-cp312-cp312-macosx_10_9_x86_64.whl", hash = "sha256:a7081fd19a6d573e1a05e600c82a1c421011db7935ed0d5c483e9dd96b99cf13", size = 20335672, upload-time = "2024-01-02T22:28:04.673Z" },
    { url = "https://files.pythonhosted.org/packages/94/9c/f1e88764737c126637d0434df712b1baa371a404a3e3751ee997e74e164b/numpy-1.26.3-cp312-cp312-macosx_11_0_arm64.whl", hash = "sha256:12c70ac274b32bc00c7f61b515126c9205323703abb99cd41836e8125ea0043e", size = 13685503, upload-time = "2024-01-02T22:28:27.744Z" },
    { url = "https://files.pythonhosted.org/packages/0d/28/c71314812a93fea1a1b68f54cbc3e530ed4d1118242bed6f4f3dd793c519/numpy-1.26.3-cp312-cp312-manylinux_2_17_aarch64.manylinux2014_aarch64.whl", hash = "sha256:7f784e13e598e9594750b2ef6729bcd5a47f6cfe4a12cca13def35e06d8163e3", size = 13924747, upload-time = "2024-01-02T22:28:50.39Z" },
    { url = "https://files.pythonhosted.org/packages/c4/c6/f971d43a272e574c21707c64f12730c390f2bfa6426185fbdf0265a63cbd/numpy-1.26.3-cp312-cp312-manylinux_2_17_x86_64.manylinux2014_x86_64.whl", hash = "sha256:5f24750ef94d56ce6e33e4019a8a4d68cfdb1ef661a52cdaee628a56d2437419", size = 17950462, upload-time = "2024-01-02T22:29:22.924Z" },
    { url = "https://files.pythonhosted.org/packages/51/d4/471df72f4662bcebb670eb9b5e07eca4b5a5229559ab0447cad34df815e0/numpy-1.26.3-cp312-cp312-musllinux_1_1_aarch64.whl", hash = "sha256:77810ef29e0fb1d289d225cabb9ee6cf4d11978a00bb99f7f8ec2132a84e0166", size = 13571899, upload-time = "2024-01-02T22:29:45.379Z" },
    { url = "https://files.pythonhosted.org/packages/d0/17/196d1b92de1bd3ca1519586845c2607e4e1a8a60f442fa084b15794b449a/numpy-1.26.3-cp312-cp312-musllinux_1_1_x86_64.whl", hash = "sha256:8ed07a90f5450d99dad60d3799f9c03c6566709bd53b497eb9ccad9a55867f36", size = 17786475, upload-time = "2024-01-02T22:30:14.286Z" },
    { url = "https://files.pythonhosted.org/packages/3f/55/cd123e8d88a98d0bcc69a707f3dae8bfde64206040a826a030c241850014/numpy-1.26.3-cp312-cp312-win32.whl", hash = "sha256:f73497e8c38295aaa4741bdfa4fda1a5aedda5473074369eca10626835445511", size = 19999988, upload-time = "2024-01-02T22:30:47.32Z" },
    { url = "https://files.pythonhosted.org/packages/ad/11/52fbe97fd84c91105b651d25a122f8deed6d3519afb14f9771fac1c9b7de/numpy-1.26.3-cp312-cp312-win_amd64.whl", hash = "sha256:da4b0c6c699a0ad73c810736303f7fbae483bcb012e38d7eb06a5e3b432c981b", size = 15517532, upload-time = "2024-01-02T22:31:13.404Z" },
]

[[package]]
name = "pillow"
version = "10.2.0"
source = { registry = "https://pypi.org/simple" }
sdist = { url = "https://files.pythonhosted.org/packages/f8/3e/32cbd0129a28686621434cbf17bb64bf1458bfb838f1f668262fefce145c/pillow-10.2.0.tar.gz", hash = "sha256:e87f0b2c78157e12d7686b27d63c070fd65d994e8ddae6f328e0dcf4a0cd007e", size = 46212712, upload-time = "2024-01-02T09:16:59.702Z" }
wheels = [
    { url = "https://files.pythonhosted.org/packages/89/1d/23bafc80495b2a902b27d242e9226ea0b74624f108c60f0533329c051f78/pillow-10.2.0-cp311-cp311-macosx_10_10_x86_64.whl", hash = "sha256:35bb52c37f256f662abdfa49d2dfa6ce5d93281d323a9af377a120e89a9eafb5", size = 3518211, upload-time = "2024-01-02T09:15:21.874Z" },
    { url = "https://files.pythonhosted.org/packages/46/ce/a84284ab66a278825109b03765d7411be3ff18250da44faa9fb5ea9a16a0/pillow-10.2.0-cp311-cp311-macosx_11_0_arm64.whl", hash = "sha256:9c23f307202661071d94b5e384e1e1dc7dfb972a28a2310e4ee16103e66ddb67", size = 3318744, upload-time = "2024-01-02T09:15:24.732Z" },
    { url = "https://files.pythonhosted.org/packages/2c/36/57c68f5d03b471c4bd7302821b4fcb6f126ba91f78b590ffce00a8c2ac42/pillow-10.2.0-cp311-cp311-manylinux_2_17_aarch64.manylinux2014_aarch64.whl", hash = "sha256:773efe0603db30c281521a7c0214cad7836c03b8ccff897beae9b47c0b657d61", size = 4304573, upload-time = "2024-01-02T09:32:51.962Z" },
    { url = "https://files.pythonhosted.org/packages/a5/23/3c59ba2bb48f2ab2f11c3597f50458f63ed46dcc4cedd3308f6e4ec7271f/pillow-10.2.0-cp311-cp311-manylinux_2_17_x86_64.manylinux2014_x86_64.whl", hash = "sha256:11fa2e5984b949b0dd6d7a94d967743d87c577ff0b83392f17cb3990d0d2fd6e", size = 4414949, upload-time = "2024-01-02T09:15:27.503Z" },
    { url = "https://files.pythonhosted.org/packages/18/6c/04ef8c00c258df1f0f4ef940d76bc278d15693fbb3268da00b9f4b145ad6/pillow-10.2.0-cp311-cp311-manylinux_2_28_aarch64.whl", hash = "sha256:716d30ed977be8b37d3ef185fecb9e5a1d62d110dfbdcd1e2a122ab46fddb03f", size = 4328040, upload-time = "2024-01-02T09:32:56.979Z" },
    { url = "https://files.pythonhosted.org/packages/66/9c/2e1877630eb298bbfd23f90deeec0a3f682a4163d5ca9f178937de57346c/pillow-10.2.0-cp311-cp311-manylinux_2_28_x86_64.whl", hash = "sha256:a086c2af425c5f62a65e12fbf385f7c9fcb8f107d0849dba5839461a129cf311", size = 4494803, upload-time = "2024-01-02T09:15:30.346Z" },
    { url = "https://files.pythonhosted.org/packages/09/1f/b01ddb19acb325f1ee569cae9b914ce30f589f43d089e572ec6fd632f560/pillow-10.2.0-cp311-cp311-musllinux_1_1_aarch64.whl", hash = "sha256:c8de2789052ed501dd829e9cae8d3dcce7acb4777ea4a479c14521c942d395b1", size = 4520153, upload-time = "2024-01-02T09:33:01.573Z" },
    { url = "https://files.pythonhosted.org/packages/ae/94/340ca3ee7b632c2019498e0f1d399530152f8c4e39f8374ace2fec147322/pillow-10.2.0-cp311-cp311-musllinux_1_1_x86_64.whl", hash = "sha256:609448742444d9290fd687940ac0b57fb35e6fd92bdb65386e08e99af60bf757", size = 4585627, upload-time = "2024-01-02T09:15:33.069Z" },
    { url = "https://files.pythonhosted.org/packages/73/89/bef0d3a0e0c2cc054e055a38ca1ac210749b9537cb13b10f6fe0343eed79/pillow-10.2.0-cp311-cp311-win32.whl", hash = "sha256:823ef7a27cf86df6597fa0671066c1b596f69eba53efa3d1e1cb8b30f3533068", size = 2289835, upload-time = "2024-01-02T09:15:35.027Z" },
    { url = "https://files.pythonhosted.org/packages/43/56/f92715a873187b5eff72a4a0d2ac6258e18e9bfb0e136aafde65c49a841a/pillow-10.2.0-cp311-cp311-win_amd64.whl", hash = "sha256:1da3b2703afd040cf65ec97efea81cfba59cdbed9c11d8efc5ab09df9509fc56", size = 2621395, upload-time = "2024-01-02T09:15:37.42Z" },
    { url = "https://files.pythonhosted.org/packages/b1/71/eea5f690e5f8d77cdde455d7e42bae0a2d918bec886f0e7fefb6836c51f4/pillow-10.2.0-cp311-cp311-win_arm64.whl", hash = "sha256:edca80cbfb2b68d7b56930b84a0e45ae1694aeba0541f798e908a49d66b837f1", size = 2229075, upload-time = "2024-01-02T09:15:39.285Z" },
    { url = "https://files.pythonhosted.org/packages/37/d5/2c00228ace73a7855a52053a92fdd6cea9b22393fbf3961125c11829dcd2/pillow-10.2.0-cp312-cp312-macosx_10_10_x86_64.whl", hash = "sha256:1b5e1b74d1bd1b78bc3477528919414874748dd363e6272efd5abf7654e68bef", size = 3517780, upload-time = "2024-01-02T09:15:41.495Z" },
    { url = "https://files.pythonhosted.org/packages/9d/a0/28756da34d6b58c3c5f6c1d5589e4e8f4e73472b55875524ae9d6e7e98fe/pillow-10.2.0-cp312-cp312-macosx_11_0_arm64.whl", hash = "sha256:0eae2073305f451d8ecacb5474997c08569fb4eb4ac231ffa4ad7d342fdc25ac", size = 3317920, upload-time = "2024-01-02T09:15:44.116Z" },
    { url = "https://files.pythonhosted.org/packages/ab/72/e6a8887c0ce6c94cd0b74fef495a81f4ea4c742242de4bc1943abbd21f92/pillow-10.2.0-cp312-cp312-manylinux_2_17_aarch64.manylinux2014_aarch64.whl", hash = "sha256:b7c2286c23cd350b80d2fc9d424fc797575fb16f854b831d16fd47ceec078f2c", size = 4308358, upload-time = "2024-01-02T09:33:09.603Z" },
    { url = "https://files.pythonhosted.org/packages/a8/2f/86cf1dc4b0530e4c3e96edd0338dcc4809c2622d9d45460029a71a831473/pillow-10.2.0-cp312-cp312-manylinux_2_17_x86_64.manylinux2014_x86_64.whl", hash = "sha256:1e23412b5c41e58cec602f1135c57dfcf15482013ce6e5f093a86db69646a5aa", size = 4422007, upload-time = "2024-01-02T09:15:46.355Z" },
    { url = "https://files.pythonhosted.org/packages/00/43/1ca3313b56ef623de0afebfe3d7a6e9c07e1a76c50ce191302018907b2b5/pillow-10.2.0-cp312-cp312-manylinux_2_28_aarch64.whl", hash = "sha256:52a50aa3fb3acb9cf7213573ef55d31d6eca37f5709c69e6858fe3bc04a5c2a2", size = 4333841, upload-time = "2024-01-02T09:33:14.842Z" },
    { url = "https://files.pythonhosted.org/packages/5c/c6/5b6b1f7362267494a423b45af684d604491565e81436e3ebeefee68f78fd/pillow-10.2.0-cp312-cp312-manylinux_2_28_x86_64.whl", hash = "sha256:127cee571038f252a552760076407f9cff79761c3d436a12af6000cd182a9d04", size = 4502101, upload-time = "2024-01-02T09:15:48.416Z" },
    { url = "https://files.pythonhosted.org/packages/e6/c5/37e72d74c248adf133a2dd56890cf8632e2e46562e5fa70414445bbd3ae6/pillow-10.2.0-cp312-cp312-musllinux_1_1_aarch64.whl", hash = "sha256:8d12251f02d69d8310b046e82572ed486685c38f02176bd08baf216746eb947f", size = 4542122, upload-time = "2024-01-02T09:33:19.012Z" },
    { url = "https://files.pythonhosted.org/packages/fa/93/79979b8ab99da2958bf6fef1be745c344c4e727f07d1429c49c015e21db2/pillow-10.2.0-cp312-cp312-musllinux_1_1_x86_64.whl", hash = "sha256:54f1852cd531aa981bc0965b7d609f5f6cc8ce8c41b1139f6ed6b3c54ab82bfb", size = 4611042, upload-time = "2024-01-02T09:15:50.616Z" },
    { url = "https://files.pythonhosted.org/packages/ce/a7/11a539c1e12dfb9d67c35e5d3d99c7a6853face9083e6483360f4d9cd1d8/pillow-10.2.0-cp312-cp312-win32.whl", hash = "sha256:257d8788df5ca62c980314053197f4d46eefedf4e6175bc9412f14412ec4ea2f", size = 2290438, upload-time = "2024-01-02T09:15:53.219Z" },
    { url = "https://files.pythonhosted.org/packages/51/07/7e9266a59bb267b56c1f432f6416653b9a78dda771c57740d064a8aa2a44/pillow-10.2.0-cp312-cp312-win_amd64.whl", hash = "sha256:154e939c5f0053a383de4fd3d3da48d9427a7e985f58af8e94d0b3c9fcfcf4f9", size = 2621845, upload-time = "2024-01-02T09:15:55.293Z" },
    { url = "https://files.pythonhosted.org/packages/a0/61/6cff8a8dbbac3d7fb7adb435b60737a7d0b0849f53e3af38f2c94d988da6/pillow-10.2.0-cp312-cp312-win_arm64.whl", hash = "sha256:f379abd2f1e3dddb2b61bc67977a6b5a0a3f7485538bcc6f39ec76163891ee48", size = 2229322, upload-time = "2024-01-02T09:15:57.475Z" },
]

[[package]]
name = "plumber-py"
version = "0.1.0"
source = { editable = "." }
dependencies = [
    { name = "numpy" },
    { name = "pillow" },
    { name = "pygame" },
    { name = "pyglm" },
    { name = "small-ass-cache" },
]

[package.metadata]
requires-dist = [
    { name = "numpy", specifier = "==1.26.3" },
    { name = "pillow", specifier = "==10.2.0" },
    { name = "pygame", specifier = "==2.5.2" },
    { name = "pyglm", specifier = "==2.7.1" },
    { name = "small-ass-cache", specifier = "==0.9.2" },
]

[[package]]
name = "pygame"
version = "2.5.2"
source = { registry = "https://pypi.org/simple" }
sdist = { url = "https://files.pythonhosted.org/packages/c6/aa/2c0c867d6cff00966cfc2152b25f61599f87e88b239e4dcb8ad5357f0f69/pygame-2.5.2.tar.gz", hash = "sha256:c1b89eb5d539e7ac5cf75513125fb5f2f0a2d918b1fd6e981f23bf0ac1b1c24a", size = 15788328, upload-time = "2023-09-17T22:27:49.577Z" }
wheels = [
    { url = "https://files.pythonhosted.org/packages/c8/db/db5a6567791d26d610b2c25cbf74be527857b6dff68e566d57bd7954ece6/pygame-2.5.2-cp311-cp311-macosx_10_9_x86_64.whl", hash = "sha256:34646ca20e163dc6f6cf8170f1e12a2e41726780112594ac061fa448cf7ccd75", size = 12947964, upload-time = "2023-09-17T22:49:47.863Z" },
    { url = "https://files.pythonhosted.org/packages/4d/84/5a03c47c76020c4f46354cf8c3f2d7926592c1ff9370f0ad91a3bb577b54/pygame-2.5.2-cp311-cp311-macosx_11_0_arm64.whl", hash = "sha256:3b8a6e351665ed26ea791f0e1fd649d3f483e8681892caef9d471f488f9ea5ee", size = 12247139, upload-time = "2023-09-17T22:49:54.049Z" },
    { url = "https://files.pythonhosted.org/packages/25/75/0d2feb98a8978305efc58c6c93de9637d3f689b74fc5da6f673314005fe2/pygame-2.5.2-cp311-cp311-manylinux_2_17_aarch64.manylinux2014_aarch64.whl", hash = "sha256:dc346965847aef00013fa2364f41a64f068cd096dcc7778fc306ca3735f0eedf", size = 13609429, upload-time = "2023-09-17T22:24:22.35Z" },
    { url = "https://files.pythonhosted.org/packages/1b/f9/47f69b4453297fa1dc3d6019f81b7861656a445c1d7f0121de8fee71fee1/pygame-2.5.2-cp311-cp311-manylinux_2_17_i686.manylinux2014_i686.whl", hash = "sha256:35632035fd81261f2d797fa810ea8c46111bd78ceb6089d52b61ed7dc3c5d05f", size = 14288567, upload-time = "2023-09-17T22:47:36.568Z" },
    { url = "https://files.pythonhosted.org/packages/5f/0d/64b84142b477c0d7041bd93a91d4dc6d7901dad4f58323f69779c86757f5/pygame-2.5.2-cp311-cp311-manylinux_2_17_x86_64.manylinux2014_x86_64.whl", hash = "sha256:0e24d05184e4195fe5ebcdce8b18ecb086f00182b9ae460a86682d312ce8d31f", size = 13967088, upload-time = "2023-09-17T22:47:38.922Z" },
    { url = "https://files.pythonhosted.org/packages/98/ac/d5f02e0f48ec5aad345804a7b601a7ce01f571cd62df36f9ce7b9b73135f/pygame-2.5.2-cp311-cp311-win32.whl", hash = "sha256:f02c1c7505af18d426d355ac9872bd5c916b27f7b0fe224749930662bea47a50", size = 10385821, upload-time = "2023-09-17T22:40:24.283Z" },
    { url = "https://files.pythonhosted.org/packages/82/61/93ae7afbd931a70510cfdf0a7bb0007540020b8d80bc1d8762ebdc46479b/pygame-2.5.2-cp311-cp311-win_amd64.whl", hash = "sha256:6d58c8cf937815d3b7cdc0fa9590c5129cb2c9658b72d00e8a4568dea2ff1d42", size = 10756447, upload-time = "2023-09-17T23:04:19.324Z" },
    { url = "https://files.pythonhosted.org/packages/48/05/5fc3ee405cee85308f1dd5c0fb7bd0835256969a22b18a55698ffaf498ac/pygame-2.5.2-cp312-cp312-macosx_10_9_x86_64.whl", hash = "sha256:1a2a43802bb5e89ce2b3b775744e78db4f9a201bf8d059b946c61722840ceea8", size = 12952573, upload-time = "2023-09-24T12:15:40.331Z" },
    { url = "https://files.pythonhosted.org/packages/4c/0b/90b489ae7fc363020d6d18d3e4522b6021f4e0e84fbdd28c1d468c8a8e31/pygame-2.5.2-cp312-cp312-macosx_11_0_arm64.whl", hash = "sha256:1c289f2613c44fe70a1e40769de4a49c5ab5a29b9376f1692bb1a15c9c1c9bfa", size = 12252604, upload-time = "2023-09-24T12:15:47.357Z" },
    { url = "https://files.pythonhosted.org/packages/91/e4/8b7ca2466d1d7e5fb0d22a7e83323dea207d6370abaf0610f7e08faf6b9e/pygame-2.5.2-cp312-cp312-manylinux_2_17_aarch64.manylinux2014_aarch64.whl", hash = "sha256:074aa6c6e110c925f7f27f00c7733c6303407edc61d738882985091d1eb2ef17", size = 13584854, upload-time = "2023-09-17T22:24:26.289Z" },
    { url = "https://files.pythonhosted.org/packages/04/80/10b7b08acade34e70a1f4de76413ae206ebbdba0bb4cbb0bae7031d763f9/pygame-2.5.2-cp312-cp312-manylinux_2_17_i686.manylinux2014_i686.whl", hash = "sha256:fe0228501ec616779a0b9c4299e837877783e18df294dd690b9ab0eed3d8aaab", size = 14268897, upload-time = "2023-09-17T22:47:41.767Z" },
    { url = "https://files.pythonhosted.org/packages/c2/c9/a41e2dc929529c36d1d1a6cf989f7d69225584d8e1b1e85c70d4b4bcb230/pygame-2.5.2-cp312-cp312-manylinux_2_17_x86_64.manylinux2014_x86_64.whl", hash = "sha256:31648d38ecdc2335ffc0e38fb18a84b3339730521505dac68514f83a1092e3f4", size = 13942610, upload-time = "2023-09-17T22:47:44.897Z" },
    { url = "https://files.pythonhosted.org/packages/05/28/5ca545423d6bb55f7ba9d09904c963ced15178f072551629a46b5499d105/pygame-2.5.2-cp312-cp312-win32.whl", hash = "sha256:224c308856334bc792f696e9278e50d099a87c116f7fc314cd6aa3ff99d21592", size = 10387283, upload-time = "2023-09-17T22:13:40.114Z" },
    { url = "https://files.pythonhosted.org/packages/66/57/1311ff5bbd64093795f64c66910bbc12b7c5d83ca95766cce7ba501ff7e7/pygame-2.5.2-cp312-cp312-win_amd64.whl", hash = "sha256:dd2d2650faf54f9a0f5bd0db8409f79609319725f8f08af6507a0609deadcad4", size = 10758801, upload-time = "2023-09-17T22:44:28.205Z" },
]

[[package]]
name = "pyglm"
version = "2.7.1"
source = { registry = "https://pypi.org/simple" }
sdist = { url = "https://files.pythonhosted.org/packages/78/86/bf1d4965824f8b53e0fff520e773845633929114ddd0a6d6e522add92c98/PyGLM-2.7.1.tar.gz", hash = "sha256:455817299e431c9a95e75b0c6ef6007caf57ee12a89fbba660f3741dd4da8f88", size = 4643747, upload-time = "2023-10-30T00:55:59.032Z" }
wheels = [
    { url = "https://files.pythonhosted.org/packages/fe/98/6d93bfb4e15c19f7ac81405e040886ac4625192d30d733254a4a875a7635/PyGLM-2.7.1-cp311-cp311-macosx_10_9_x86_64.whl", hash = "sha256:64b6ceca09f7881eaa9299121b343e6569d4ef300f483903801ce2f3407859c3", size = 1689714, upload-time = "2023-10-30T00:53:23.329Z" },
    { url = "https://files.pythonhosted.org/packages/26/19/ec4cbb13122ce881fc0692f0838ef9f367d4de1dfbd6d7864b38f9216f16/PyGLM-2.7.1-cp311-cp311-macosx_11_0_arm64.whl", hash = "sha256:6833db36d6b2dc12e2a5a4dbc37f8e66c743235431af5b820f87ce35c7994052", size = 1373116, upload-time = "2023-10-30T00:53:24.874Z" },
    { url = "https://files.pythonhosted.org/packages/b7/10/61e23a8c58d02db47a6f1bf2f4986916c6aeaddf9cf66a69da792e2486ad/PyGLM-2.7.1-cp311-cp311-manylinux_2_17_aarch64.manylinux2014_aarch64.whl", hash = "sha256:00ad243f7e4c0a89e1a8943446592653a8dc899cbbeeeb3e33221fb146eeda0d", size = 10435923, upload-time = "2023-10-30T00:53:26.65Z" },
    { url = "https://files.pythonhosted.org/packages/34/31/d962621f55d4bdf07738892825eb6b2f7e60e3b6419ec7e66d2a2e34a37a/PyGLM-2.7.1-cp311-cp311-manylinux_2_17_i686.manylinux2014_i686.whl", hash = "sha256:61f2eb79e17b2470e538070d3bdd81bac01399fb9065674e905636f7a0e3df57", size = 9934191, upload-time = "2023-10-30T00:53:29.257Z" },
    { url = "https://files.pythonhosted.org/packages/85/47/a686c4547b53c9d89dea35d861e79e2f7f06a8e1f4dcc8f05cea570f0488/PyGLM-2.7.1-cp311-cp311-manylinux_2_17_s390x.manylinux2014_s390x.whl", hash = "sha256:aee0a971df967677f6b761c1fd9515a2e35a4e85ba2ab147dd7bf887fb2ab026", size = 10981639, upload-time = "2023-10-30T00:53:31.615Z" },
    { url = "https://files.pythonhosted.org/packages/a1/97/d47072c97e59e3a464668d8d6be6d424a3ff71ed8ce536f88b4ff90cd031/PyGLM-2.7.1-cp311-cp311-manylinux_2_17_x86_64.manylinux2014_x86_64.whl", hash = "sha256:dfd6a1a620eb6431034fee42ad9c6cb46633be47f271f993bd135b24953dbfd6", size = 10976632, upload-time = "2023-10-30T00:53:34.363Z" },
    { url = "https://files.pythonhosted.org/packages/62/51/2773129149359fb3b4a47122860c469aaa091a321cac0f027ee5be0a01ed/PyGLM-2.7.1-cp311-cp311-manylinux_2_27_aarch64.manylinux_2_28_aarch64.whl", hash = "sha256:1e258d812b68be1ff7699b55d6e66430cdd35af8c06e0774b5673bc6ed913eac", size = 9996514, upload-time = "2023-10-30T00:53:36.993Z" },
    { url = "https://files.pythonhosted.org/packages/b9/e4/66caa1732b9d45c32b33a9b92fe5364b19864cce1f38a5e18168b2832913/PyGLM-2.7.1-cp311-cp311-manylinux_2_27_s390x.manylinux_2_28_s390x.whl", hash = "sha256:5f804e9394befc35f2a2a2b2d3372288206538b9c75325c128441acd0a487104", size = 10569580, upload-time = "2023-10-30T00:53:39.446Z" },
    { url = "https://files.pythonhosted.org/packages/84/b0/8a6dc8162e0a0b1153aad5abfb6f8ecf9665d76c639331fe02899476293d/PyGLM-2.7.1-cp311-cp311-manylinux_2_27_x86_64.manylinux_2_28_x86_64.whl", hash = "sha256:f4b34195081a6216aa6c85d56cbc6411e2d4cd6433664904bdb069b9bee18e1e", size = 10475021, upload-time = "2023-10-30T00:53:42.036Z" },
    { url = "https://files.pythonhosted.org/packages/f9/d5/611753c6058e3959da2043e10bd4fec95c395fd4ee9fea4541dbd3ae0854/PyGLM-2.7.1-cp311-cp311-musllinux_1_1_aarch64.whl", hash = "sha256:60487a1b2db6307f92648e52cd5773fb3cf3d3f6112b56787e480e1109e18be9", size = 11435513, upload-time = "2023-10-30T00:53:44.344Z" },
    { url = "https://files.pythonhosted.org/packages/84/9d/72fd8bff459a99448aed1c33339e7aa32e72f6d0f3f401bf7e08c3ef534f/PyGLM-2.7.1-cp311-cp311-musllinux_1_1_i686.whl", hash = "sha256:567b1664942d12fb45bbd54fcd2ab128882905de859da8cd8a866f1489ae7d48", size = 10799357, upload-time = "2023-10-30T00:53:46.821Z" },
    { url = "https://files.pythonhosted.org/packages/1a/99/9f1668b8c80b8d531f13f3da7b1481e158babfcffc25218f0da0451a7672/PyGLM-2.7.1-cp311-cp311-musllinux_1_1_s390x.whl", hash = "sha256:b10e46a573ce412f16fa14cca34dfca96c23e2ccf159e3202809d6e77f140758", size = 12045275, upload-time = "2023-10-30T00:53:49.405Z" },
    { url = "https://files.pythonhosted.org/packages/db/7a/a14293ce7bd7f4c90d1a43b5d21a5aa5cb9345e18d13974c0b66bf2a2070/PyGLM-2.7.1-cp311-cp311-musllinux_1_1_x86_64.whl", hash = "sha256:45427bc7fe0d164c4f5e71bcc8920e6ee8169c0d1526bc6c6274b2c21fbfe8ec", size = 12064321, upload-time = "2023-10-30T00:53:52.225Z" },
    { url = "https://files.pythonhosted.org/packages/bd/ba/b98b6d3a2caee1bd6826c1548cb2bbf3ccfe1192d511ef196bc797b0d262/PyGLM-2.7.1-cp311-cp311-win32.whl", hash = "sha256:583caf00a8afa07850ede7fc82547f72b532f6dfce9aed25648f655dae415f51", size = 1292429, upload-time = "2023-10-30T00:53:55.058Z" },
    { url = "https://files.pythonhosted.org/packages/6f/7a/ca83cf2e57b6e706e05f14d5fa56fb038caf4bf83e10d536f6a3ac2d3436/PyGLM-2.7.1-cp311-cp311-win_amd64.whl", hash = "sha256:fd3e7c92ba74e76f992c6cfcbd662058c076329695713108ae54af233e6647d8", size = 1627303, upload-time = "2023-10-30T00:53:57.397Z" },
    { url = "https://files.pythonhosted.org/packages/45/c5/643cb952b209ae33e47cda706c6ff383a2b7e3f31dcf12f3f8b4a436e25b/PyGLM-2.7.1-cp311-cp311-win_arm64.whl", hash = "sha256:e22b4a83e0fb36f68a1d84cfd2a95d66d053d0cc5a8aab08bcd63eb7cca11d25", size = 1204814, upload-time = "2023-10-30T00:53:59.187Z" },
    { url = "https://files.pythonhosted.org/packages/fc/31/0fb93e482d638976852ed90c35fd4001b0b4d9c578a143d1999304ab8613/PyGLM-2.7.1-cp312-cp312-macosx_10_9_x86_64.whl", hash = "sha256:4aa958556dd26e647c67c740aee2822bd41f05f6f2ce70c4f1268e7f0a93b108", size = 1694723, upload-time = "2023-10-30T00:54:01.455Z" },
    { url = "https://files.pythonhosted.org/packages/e2/ef/4054abb5171da2fde66c91a1d6870d1702b36190b204ee8e8a759b3d2346/PyGLM-2.7.1-cp312-cp312-macosx_11_0_arm64.whl", hash = "sha256:6bf06d63629a2f0f2a85c1fac778b334ee6864d1768ac469b31a30cafa596c24", size = 1379922, upload-time = "2023-10-30T00:54:03.261Z" },
    { url = "https://files.pythonhosted.org/packages/fb/37/31196fbc1627db65096daba57d5a0e759e5a5156858410713d12a58a540d/PyGLM-2.7.1-cp312-cp312-manylinux_2_17_aarch64.manylinux2014_aarch64.whl", hash = "sha256:750109e5a2d788395766ea6465b96762b42d779c9cb430dd75c02c447eb0379d", size = 10499675, upload-time = "2023-10-30T00:54:05.582Z" },
    { url = "https://files.pythonhosted.org/packages/57/77/8c8b398385a4c9514dd682459ebfa8ab99eb32cff87fe67e705ed663a0f3/PyGLM-2.7.1-cp312-cp312-manylinux_2_17_i686.manylinux2014_i686.whl", hash = "sha256:3486bc2183c78d5fba7f8e4a26c5093bb4df5110cd09f45e7416f3afab688f72", size = 9977831, upload-time = "2023-10-30T00:54:08.025Z" },
    { url = "https://files.pythonhosted.org/packages/c2/1f/27e2ce9007bde0df29c5a133db26f29d02a5c8722d2177a1d4647aa912a5/PyGLM-2.7.1-cp312-cp312-manylinux_2_17_s390x.manylinux2014_s390x.whl", hash = "sha256:1f4f7d138826d95aaf32bb1414978acc6d839a09350a33c244b881c6e84bd9d5", size = 11077128, upload-time = "2023-10-30T00:54:11.276Z" },
    { url = "https://files.pythonhosted.org/packages/a2/48/e5d103cae51a4b7ddd972191a373afb0fee1974237cc3b5482fea0abc289/PyGLM-2.7.1-cp312-cp312-manylinux_2_17_x86_64.manylinux2014_x86_64.whl", hash = "sha256:2dd9c3c55a8070b2894b1b22bc96ed01832613f4ea984b5023b56a6b4cd6c1d1", size = 11056474, upload-time = "2023-10-30T00:54:14.125Z" },
    { url = "https://files.pythonhosted.org/packages/5e/77/88d41136a09395db8bd56393a265d13fcfc5819ea13906c417109005a744/PyGLM-2.7.1-cp312-cp312-manylinux_2_27_aarch64.manylinux_2_28_aarch64.whl", hash = "sha256:8fcc6ef1f3041618300313af8cd0ba4bb60758d083d7759b51ff6c709e935677", size = 10053977, upload-time = "2023-10-30T00:54:16.803Z" },
    { url = "https://files.pythonhosted.org/packages/53/cb/8a9b89fbe95cf62ab56b5b1c3fe5d595faefbaf7cef4b8d0a9cf8feabfeb/PyGLM-2.7.1-cp312-cp312-manylinux_2_27_s390x.manylinux_2_28_s390x.whl", hash = "sha256:06b2d950e221178cc0832b5b78d91f13926d37b851bc4737f92bd5149482b487", size = 10664323, upload-time = "2023-10-30T00:54:19.605Z" },
    { url = "https://files.pythonhosted.org/packages/4a/d5/b2d1f5320c6717e1242117e718c9e947dc11a9a891a09aad019327a4b9a8/PyGLM-2.7.1-cp312-cp312-manylinux_2_27_x86_64.manylinux_2_28_x86_64.whl", hash = "sha256:117ea85a40144720436f296c8f1eacb03c33d90fac3df5af086813d7a9e04881", size = 10550607, upload-time = "2023-10-30T00:54:22.535Z" },
    { url = "https://files.pythonhosted.org/packages/65/e7/66dbc7fe025ed842cdc5193a869b9971154ab272465cf5f7afcb0e62bca4/PyGLM-2.7.1-cp312-cp312-musllinux_1_1_aarch64.whl", hash = "sha256:4c4190604c5af3f65981c4d51aff2681baaa1c185d9d380daeb0ba391199ddcb", size = 11471016, upload-time = "2023-10-30T00:54:25.443Z" },
    { url = "https://files.pythonhosted.org/packages/6b/72/8269b3ea39daa2d9a475dab28dbc2697c8d36a05d97a9784c72daf051c52/PyGLM-2.7.1-cp312-cp312-musllinux_1_1_i686.whl", hash = "sha256:0f42987c0eedfe6a17131e59b72133f5465eda445fc6c3e4c90c7bafe2258914", size = 10833358, upload-time = "2023-10-30T00:54:27.806Z" },
    { url = "https://files.pythonhosted.org/packages/e9/a4/949e601c4589cbad4c68c3e5338e741eae28f658ab69c7a3f5e939f383fd/PyGLM-2.7.1-cp312-cp312-musllinux_1_1_s390x.whl", hash = "sha256:fc97b41cbb89e4135ec2abc2a1ed2fb6ee2c72eadd2e9f1dca2d9dcef90a47dc", size = 12099936, upload-time = "2023-10-30T00:54:30.45Z" },
    { url = "https://files.pythonhosted.org/packages/68/9f/df91fe5a49f729c99d9cf559d775d5ff1b665c686ea43ad3c1759f39641f/PyGLM-2.7.1-cp312-cp312-musllinux_1_1_x86_64.whl", hash = "sha256:7e448d37621641fa12469ad6c19d05d7d70bd258cea334a18e2123063f6fd1ed", size = 12096076, upload-time = "2023-10-30T00:54:33.525Z" },
    { url = "https://files.pythonhosted.org/packages/5b/9e/7789acab7a62509c926e01bc0dfdb4ba4c04056afbdf3cc0cc3e35ad4380/PyGLM-2.7.1-cp312-cp312-win32.whl", hash = "sha256:f5488a46d1de944daaf043c209c149ddc59a4f1cced32ef5670062f1e0f3c813", size = 1294503, upload-time = "2023-10-30T00:54:36.34Z" },
    { url = "https://files.pythonhosted.org/packages/fa/93/24dd291699e62a46be8394f21d2becf865021eca14a5fd5dd7db247d6f8f/PyGLM-2.7.1-cp312-cp312-win_amd64.whl", hash = "sha256:890db36101cf945cc1470685ea8fed788291088cdfa425fcfdf701ee6adfd24f", size = 1633198, upload-time = "2023-10-30T00:54:38.058Z" },
    { url = "https://files.pythonhosted.org/packages/bc/4e/d6673c8c02198917012b22548217c25f01995f29c7c3bfc391045c664ef6/PyGLM-2.7.1-cp312-cp312-win_arm64.whl", hash = "sha256:9e9adc73094c2607841209c08f1dc61808630f2113f7cd58003a4904fe241e56", size = 1206842, upload-time = "2023-10-30T00:54:39.662Z" },
]

[[package]]
name = "small-ass-cache"
version = "0.9.2"
source = { registry = "https://pypi.org/simple" }
sdist = { url = "https://files.pythonhosted.org/packages/e7/ce/9a981cf027dbd88498f1dffeb0571012ee3ab0d2a3759d5b0011bf317909/small-ass-cache-0.9.2.tar.gz", hash = "sha256:daa33a40e910cfc3dce52ef1bf911a426bc427769b5fc19ecb455105dddcb1c5", size = 16497, upload-time = "2024-01-06T01:44:42.702Z" }
wheels = [
    { url = "https://files.pythonhosted.org/packages/eb/7c/d932c160efceb7721eccc001be4e25e19de1251715c43d51984c85b0c789/small_ass_cache-0.9.2-py3-none-any.whl", hash = "sha256:6c9f80e59a39c5fa8babefc79c92a495b95f7ba9217b7496ce6523aabdeb619d", size = 16953, upload-time = "2024-01-06T01:44:40.107Z" },
]
